// !$*UTF8*$!
{
	archiveVersion = 1;
	classes = {
	};
	objectVersion = 56;
	objects = {

/* Begin PBXBuildFile section */
		F7762D132B15FF600065B9AC /* SwiftUILabApp.swift in Sources */ = {isa = PBXBuildFile; fileRef = F7762D122B15FF600065B9AC /* SwiftUILabApp.swift */; };
		F7762D152B15FF600065B9AC /* MainContentView.swift in Sources */ = {isa = PBXBuildFile; fileRef = F7762D142B15FF600065B9AC /* MainContentView.swift */; };
		F7762D172B15FF620065B9AC /* Assets.xcassets in Resources */ = {isa = PBXBuildFile; fileRef = F7762D162B15FF620065B9AC /* Assets.xcassets */; };
		F7762D1A2B15FF620065B9AC /* Preview Assets.xcassets in Resources */ = {isa = PBXBuildFile; fileRef = F7762D192B15FF620065B9AC /* Preview Assets.xcassets */; };
		F7762D242B15FF620065B9AC /* SwiftUILabTests.swift in Sources */ = {isa = PBXBuildFile; fileRef = F7762D232B15FF620065B9AC /* SwiftUILabTests.swift */; };
		F7762D2E2B15FF620065B9AC /* SwiftUILabUITests.swift in Sources */ = {isa = PBXBuildFile; fileRef = F7762D2D2B15FF620065B9AC /* SwiftUILabUITests.swift */; };
		F7762D302B15FF620065B9AC /* SwiftUILabUITestsLaunchTests.swift in Sources */ = {isa = PBXBuildFile; fileRef = F7762D2F2B15FF620065B9AC /* SwiftUILabUITestsLaunchTests.swift */; };
		F7C4FEDE2B16114B00D0B08A /* RightPersonView.swift in Sources */ = {isa = PBXBuildFile; fileRef = F7C4FEDD2B16114B00D0B08A /* RightPersonView.swift */; };
		F7C4FEE02B16124C00D0B08A /* WrongPersonView.swift in Sources */ = {isa = PBXBuildFile; fileRef = F7C4FEDF2B16124C00D0B08A /* WrongPersonView.swift */; };
/* End PBXBuildFile section */

/* Begin PBXContainerItemProxy section */
		F7762D202B15FF620065B9AC /* PBXContainerItemProxy */ = {
			isa = PBXContainerItemProxy;
			containerPortal = F7762D072B15FF600065B9AC /* Project object */;
			proxyType = 1;
			remoteGlobalIDString = F7762D0E2B15FF600065B9AC;
			remoteInfo = SwiftUILab;
		};
		F7762D2A2B15FF620065B9AC /* PBXContainerItemProxy */ = {
			isa = PBXContainerItemProxy;
			containerPortal = F7762D072B15FF600065B9AC /* Project object */;
			proxyType = 1;
			remoteGlobalIDString = F7762D0E2B15FF600065B9AC;
			remoteInfo = SwiftUILab;
		};
/* End PBXContainerItemProxy section */

/* Begin PBXFileReference section */
		F7762D0F2B15FF600065B9AC /* SwiftUILab.app */ = {isa = PBXFileReference; explicitFileType = wrapper.application; includeInIndex = 0; path = SwiftUILab.app; sourceTree = BUILT_PRODUCTS_DIR; };
		F7762D122B15FF600065B9AC /* SwiftUILabApp.swift */ = {isa = PBXFileReference; lastKnownFileType = sourcecode.swift; path = SwiftUILabApp.swift; sourceTree = "<group>"; };
		F7762D142B15FF600065B9AC /* MainContentView.swift */ = {isa = PBXFileReference; lastKnownFileType = sourcecode.swift; path = MainContentView.swift; sourceTree = "<group>"; };
		F7762D162B15FF620065B9AC /* Assets.xcassets */ = {isa = PBXFileReference; lastKnownFileType = folder.assetcatalog; path = Assets.xcassets; sourceTree = "<group>"; };
		F7762D192B15FF620065B9AC /* Preview Assets.xcassets */ = {isa = PBXFileReference; lastKnownFileType = folder.assetcatalog; path = "Preview Assets.xcassets"; sourceTree = "<group>"; };
		F7762D1F2B15FF620065B9AC /* SwiftUILabTests.xctest */ = {isa = PBXFileReference; explicitFileType = wrapper.cfbundle; includeInIndex = 0; path = SwiftUILabTests.xctest; sourceTree = BUILT_PRODUCTS_DIR; };
		F7762D232B15FF620065B9AC /* SwiftUILabTests.swift */ = {isa = PBXFileReference; lastKnownFileType = sourcecode.swift; path = SwiftUILabTests.swift; sourceTree = "<group>"; };
		F7762D292B15FF620065B9AC /* SwiftUILabUITests.xctest */ = {isa = PBXFileReference; explicitFileType = wrapper.cfbundle; includeInIndex = 0; path = SwiftUILabUITests.xctest; sourceTree = BUILT_PRODUCTS_DIR; };
		F7762D2D2B15FF620065B9AC /* SwiftUILabUITests.swift */ = {isa = PBXFileReference; lastKnownFileType = sourcecode.swift; path = SwiftUILabUITests.swift; sourceTree = "<group>"; };
		F7762D2F2B15FF620065B9AC /* SwiftUILabUITestsLaunchTests.swift */ = {isa = PBXFileReference; lastKnownFileType = sourcecode.swift; path = SwiftUILabUITestsLaunchTests.swift; sourceTree = "<group>"; };
		F7C4FEDD2B16114B00D0B08A /* RightPersonView.swift */ = {isa = PBXFileReference; lastKnownFileType = sourcecode.swift; path = RightPersonView.swift; sourceTree = "<group>"; };
		F7C4FEDF2B16124C00D0B08A /* WrongPersonView.swift */ = {isa = PBXFileReference; lastKnownFileType = sourcecode.swift; path = WrongPersonView.swift; sourceTree = "<group>"; };
/* End PBXFileReference section */

/* Begin PBXFrameworksBuildPhase section */
		F7762D0C2B15FF600065B9AC /* Frameworks */ = {
			isa = PBXFrameworksBuildPhase;
			buildActionMask = 2147483647;
			files = (
			);
			runOnlyForDeploymentPostprocessing = 0;
		};
		F7762D1C2B15FF620065B9AC /* Frameworks */ = {
			isa = PBXFrameworksBuildPhase;
			buildActionMask = 2147483647;
			files = (
			);
			runOnlyForDeploymentPostprocessing = 0;
		};
		F7762D262B15FF620065B9AC /* Frameworks */ = {
			isa = PBXFrameworksBuildPhase;
			buildActionMask = 2147483647;
			files = (
			);
			runOnlyForDeploymentPostprocessing = 0;
		};
/* End PBXFrameworksBuildPhase section */

/* Begin PBXGroup section */
		F7762D062B15FF600065B9AC = {
			isa = PBXGroup;
			children = (
				F7762D112B15FF600065B9AC /* SwiftUILab */,
				F7762D222B15FF620065B9AC /* SwiftUILabTests */,
				F7762D2C2B15FF620065B9AC /* SwiftUILabUITests */,
				F7762D102B15FF600065B9AC /* Products */,
			);
			sourceTree = "<group>";
		};
		F7762D102B15FF600065B9AC /* Products */ = {
			isa = PBXGroup;
			children = (
				F7762D0F2B15FF600065B9AC /* SwiftUILab.app */,
				F7762D1F2B15FF620065B9AC /* SwiftUILabTests.xctest */,
				F7762D292B15FF620065B9AC /* SwiftUILabUITests.xctest */,
			);
			name = Products;
			sourceTree = "<group>";
		};
		F7762D112B15FF600065B9AC /* SwiftUILab */ = {
			isa = PBXGroup;
			children = (
				F7762D122B15FF600065B9AC /* SwiftUILabApp.swift */,
				F7762D142B15FF600065B9AC /* MainContentView.swift */,
				F7762D162B15FF620065B9AC /* Assets.xcassets */,
				F7762D182B15FF620065B9AC /* Preview Content */,
				F7C4FEDD2B16114B00D0B08A /* RightPersonView.swift */,
				F7C4FEDF2B16124C00D0B08A /* WrongPersonView.swift */,
			);
			path = SwiftUILab;
			sourceTree = "<group>";
		};
		F7762D182B15FF620065B9AC /* Preview Content */ = {
			isa = PBXGroup;
			children = (
				F7762D192B15FF620065B9AC /* Preview Assets.xcassets */,
			);
			path = "Preview Content";
			sourceTree = "<group>";
		};
		F7762D222B15FF620065B9AC /* SwiftUILabTests */ = {
			isa = PBXGroup;
			children = (
				F7762D232B15FF620065B9AC /* SwiftUILabTests.swift */,
			);
			path = SwiftUILabTests;
			sourceTree = "<group>";
		};
		F7762D2C2B15FF620065B9AC /* SwiftUILabUITests */ = {
			isa = PBXGroup;
			children = (
				F7762D2D2B15FF620065B9AC /* SwiftUILabUITests.swift */,
				F7762D2F2B15FF620065B9AC /* SwiftUILabUITestsLaunchTests.swift */,
			);
			path = SwiftUILabUITests;
			sourceTree = "<group>";
		};
/* End PBXGroup section */

/* Begin PBXNativeTarget section */
		F7762D0E2B15FF600065B9AC /* SwiftUILab */ = {
			isa = PBXNativeTarget;
			buildConfigurationList = F7762D332B15FF620065B9AC /* Build configuration list for PBXNativeTarget "SwiftUILab" */;
			buildPhases = (
				F7762D0B2B15FF600065B9AC /* Sources */,
				F7762D0C2B15FF600065B9AC /* Frameworks */,
				F7762D0D2B15FF600065B9AC /* Resources */,
			);
			buildRules = (
			);
			dependencies = (
			);
			name = SwiftUILab;
			productName = SwiftUILab;
			productReference = F7762D0F2B15FF600065B9AC /* SwiftUILab.app */;
			productType = "com.apple.product-type.application";
		};
		F7762D1E2B15FF620065B9AC /* SwiftUILabTests */ = {
			isa = PBXNativeTarget;
			buildConfigurationList = F7762D362B15FF620065B9AC /* Build configuration list for PBXNativeTarget "SwiftUILabTests" */;
			buildPhases = (
				F7762D1B2B15FF620065B9AC /* Sources */,
				F7762D1C2B15FF620065B9AC /* Frameworks */,
				F7762D1D2B15FF620065B9AC /* Resources */,
			);
			buildRules = (
			);
			dependencies = (
				F7762D212B15FF620065B9AC /* PBXTargetDependency */,
			);
			name = SwiftUILabTests;
			productName = SwiftUILabTests;
			productReference = F7762D1F2B15FF620065B9AC /* SwiftUILabTests.xctest */;
			productType = "com.apple.product-type.bundle.unit-test";
		};
		F7762D282B15FF620065B9AC /* SwiftUILabUITests */ = {
			isa = PBXNativeTarget;
			buildConfigurationList = F7762D392B15FF620065B9AC /* Build configuration list for PBXNativeTarget "SwiftUILabUITests" */;
			buildPhases = (
				F7762D252B15FF620065B9AC /* Sources */,
				F7762D262B15FF620065B9AC /* Frameworks */,
				F7762D272B15FF620065B9AC /* Resources */,
			);
			buildRules = (
			);
			dependencies = (
				F7762D2B2B15FF620065B9AC /* PBXTargetDependency */,
			);
			name = SwiftUILabUITests;
			productName = SwiftUILabUITests;
			productReference = F7762D292B15FF620065B9AC /* SwiftUILabUITests.xctest */;
			productType = "com.apple.product-type.bundle.ui-testing";
		};
/* End PBXNativeTarget section */

/* Begin PBXProject section */
		F7762D072B15FF600065B9AC /* Project object */ = {
			isa = PBXProject;
			attributes = {
				BuildIndependentTargetsInParallel = 1;
				LastSwiftUpdateCheck = 1500;
				LastUpgradeCheck = 1500;
				TargetAttributes = {
					F7762D0E2B15FF600065B9AC = {
						CreatedOnToolsVersion = 15.0.1;
					};
					F7762D1E2B15FF620065B9AC = {
						CreatedOnToolsVersion = 15.0.1;
						TestTargetID = F7762D0E2B15FF600065B9AC;
					};
					F7762D282B15FF620065B9AC = {
						CreatedOnToolsVersion = 15.0.1;
						TestTargetID = F7762D0E2B15FF600065B9AC;
					};
				};
			};
			buildConfigurationList = F7762D0A2B15FF600065B9AC /* Build configuration list for PBXProject "SwiftUILab" */;
			compatibilityVersion = "Xcode 14.0";
			developmentRegion = en;
			hasScannedForEncodings = 0;
			knownRegions = (
				en,
				Base,
			);
			mainGroup = F7762D062B15FF600065B9AC;
			productRefGroup = F7762D102B15FF600065B9AC /* Products */;
			projectDirPath = "";
			projectRoot = "";
			targets = (
				F7762D0E2B15FF600065B9AC /* SwiftUILab */,
				F7762D1E2B15FF620065B9AC /* SwiftUILabTests */,
				F7762D282B15FF620065B9AC /* SwiftUILabUITests */,
			);
		};
/* End PBXProject section */

/* Begin PBXResourcesBuildPhase section */
		F7762D0D2B15FF600065B9AC /* Resources */ = {
			isa = PBXResourcesBuildPhase;
			buildActionMask = 2147483647;
			files = (
				F7762D1A2B15FF620065B9AC /* Preview Assets.xcassets in Resources */,
				F7762D172B15FF620065B9AC /* Assets.xcassets in Resources */,
			);
			runOnlyForDeploymentPostprocessing = 0;
		};
		F7762D1D2B15FF620065B9AC /* Resources */ = {
			isa = PBXResourcesBuildPhase;
			buildActionMask = 2147483647;
			files = (
			);
			runOnlyForDeploymentPostprocessing = 0;
		};
		F7762D272B15FF620065B9AC /* Resources */ = {
			isa = PBXResourcesBuildPhase;
			buildActionMask = 2147483647;
			files = (
			);
			runOnlyForDeploymentPostprocessing = 0;
		};
/* End PBXResourcesBuildPhase section */

/* Begin PBXSourcesBuildPhase section */
		F7762D0B2B15FF600065B9AC /* Sources */ = {
			isa = PBXSourcesBuildPhase;
			buildActionMask = 2147483647;
			files = (
				F7762D152B15FF600065B9AC /* MainContentView.swift in Sources */,
				F7762D132B15FF600065B9AC /* SwiftUILabApp.swift in Sources */,
				F7C4FEDE2B16114B00D0B08A /* RightPersonView.swift in Sources */,
				F7C4FEE02B16124C00D0B08A /* WrongPersonView.swift in Sources */,
			);
			runOnlyForDeploymentPostprocessing = 0;
		};
		F7762D1B2B15FF620065B9AC /* Sources */ = {
			isa = PBXSourcesBuildPhase;
			buildActionMask = 2147483647;
			files = (
				F7762D242B15FF620065B9AC /* SwiftUILabTests.swift in Sources */,
			);
			runOnlyForDeploymentPostprocessing = 0;
		};
		F7762D252B15FF620065B9AC /* Sources */ = {
			isa = PBXSourcesBuildPhase;
			buildActionMask = 2147483647;
			files = (
				F7762D302B15FF620065B9AC /* SwiftUILabUITestsLaunchTests.swift in Sources */,
				F7762D2E2B15FF620065B9AC /* SwiftUILabUITests.swift in Sources */,
			);
			runOnlyForDeploymentPostprocessing = 0;
		};
/* End PBXSourcesBuildPhase section */

/* Begin PBXTargetDependency section */
		F7762D212B15FF620065B9AC /* PBXTargetDependency */ = {
			isa = PBXTargetDependency;
			target = F7762D0E2B15FF600065B9AC /* SwiftUILab */;
			targetProxy = F7762D202B15FF620065B9AC /* PBXContainerItemProxy */;
		};
		F7762D2B2B15FF620065B9AC /* PBXTargetDependency */ = {
			isa = PBXTargetDependency;
			target = F7762D0E2B15FF600065B9AC /* SwiftUILab */;
			targetProxy = F7762D2A2B15FF620065B9AC /* PBXContainerItemProxy */;
		};
/* End PBXTargetDependency section */

/* Begin XCBuildConfiguration section */
		F7762D312B15FF620065B9AC /* Debug */ = {
			isa = XCBuildConfiguration;
			buildSettings = {
				ALWAYS_SEARCH_USER_PATHS = NO;
				ASSETCATALOG_COMPILER_GENERATE_SWIFT_ASSET_SYMBOL_EXTENSIONS = YES;
				CLANG_ANALYZER_NONNULL = YES;
				CLANG_ANALYZER_NUMBER_OBJECT_CONVERSION = YES_AGGRESSIVE;
				CLANG_CXX_LANGUAGE_STANDARD = "gnu++20";
				CLANG_ENABLE_MODULES = YES;
				CLANG_ENABLE_OBJC_ARC = YES;
				CLANG_ENABLE_OBJC_WEAK = YES;
				CLANG_WARN_BLOCK_CAPTURE_AUTORELEASING = YES;
				CLANG_WARN_BOOL_CONVERSION = YES;
				CLANG_WARN_COMMA = YES;
				CLANG_WARN_CONSTANT_CONVERSION = YES;
				CLANG_WARN_DEPRECATED_OBJC_IMPLEMENTATIONS = YES;
				CLANG_WARN_DIRECT_OBJC_ISA_USAGE = YES_ERROR;
				CLANG_WARN_DOCUMENTATION_COMMENTS = YES;
				CLANG_WARN_EMPTY_BODY = YES;
				CLANG_WARN_ENUM_CONVERSION = YES;
				CLANG_WARN_INFINITE_RECURSION = YES;
				CLANG_WARN_INT_CONVERSION = YES;
				CLANG_WARN_NON_LITERAL_NULL_CONVERSION = YES;
				CLANG_WARN_OBJC_IMPLICIT_RETAIN_SELF = YES;
				CLANG_WARN_OBJC_LITERAL_CONVERSION = YES;
				CLANG_WARN_OBJC_ROOT_CLASS = YES_ERROR;
				CLANG_WARN_QUOTED_INCLUDE_IN_FRAMEWORK_HEADER = YES;
				CLANG_WARN_RANGE_LOOP_ANALYSIS = YES;
				CLANG_WARN_STRICT_PROTOTYPES = YES;
				CLANG_WARN_SUSPICIOUS_MOVE = YES;
				CLANG_WARN_UNGUARDED_AVAILABILITY = YES_AGGRESSIVE;
				CLANG_WARN_UNREACHABLE_CODE = YES;
				CLANG_WARN__DUPLICATE_METHOD_MATCH = YES;
				COPY_PHASE_STRIP = NO;
				DEBUG_INFORMATION_FORMAT = dwarf;
				ENABLE_STRICT_OBJC_MSGSEND = YES;
				ENABLE_TESTABILITY = YES;
				ENABLE_USER_SCRIPT_SANDBOXING = YES;
				GCC_C_LANGUAGE_STANDARD = gnu17;
				GCC_DYNAMIC_NO_PIC = NO;
				GCC_NO_COMMON_BLOCKS = YES;
				GCC_OPTIMIZATION_LEVEL = 0;
				GCC_PREPROCESSOR_DEFINITIONS = (
					"DEBUG=1",
					"$(inherited)",
				);
				GCC_WARN_64_TO_32_BIT_CONVERSION = YES;
				GCC_WARN_ABOUT_RETURN_TYPE = YES_ERROR;
				GCC_WARN_UNDECLARED_SELECTOR = YES;
				GCC_WARN_UNINITIALIZED_AUTOS = YES_AGGRESSIVE;
				GCC_WARN_UNUSED_FUNCTION = YES;
				GCC_WARN_UNUSED_VARIABLE = YES;
				IPHONEOS_DEPLOYMENT_TARGET = 17.0;
				LOCALIZATION_PREFERS_STRING_CATALOGS = YES;
				MTL_ENABLE_DEBUG_INFO = INCLUDE_SOURCE;
				MTL_FAST_MATH = YES;
				ONLY_ACTIVE_ARCH = YES;
				SDKROOT = iphoneos;
				SWIFT_ACTIVE_COMPILATION_CONDITIONS = "DEBUG $(inherited)";
				SWIFT_OPTIMIZATION_LEVEL = "-Onone";
			};
			name = Debug;
		};
		F7762D322B15FF620065B9AC /* Release */ = {
			isa = XCBuildConfiguration;
			buildSettings = {
				ALWAYS_SEARCH_USER_PATHS = NO;
				ASSETCATALOG_COMPILER_GENERATE_SWIFT_ASSET_SYMBOL_EXTENSIONS = YES;
				CLANG_ANALYZER_NONNULL = YES;
				CLANG_ANALYZER_NUMBER_OBJECT_CONVERSION = YES_AGGRESSIVE;
				CLANG_CXX_LANGUAGE_STANDARD = "gnu++20";
				CLANG_ENABLE_MODULES = YES;
				CLANG_ENABLE_OBJC_ARC = YES;
				CLANG_ENABLE_OBJC_WEAK = YES;
				CLANG_WARN_BLOCK_CAPTURE_AUTORELEASING = YES;
				CLANG_WARN_BOOL_CONVERSION = YES;
				CLANG_WARN_COMMA = YES;
				CLANG_WARN_CONSTANT_CONVERSION = YES;
				CLANG_WARN_DEPRECATED_OBJC_IMPLEMENTATIONS = YES;
				CLANG_WARN_DIRECT_OBJC_ISA_USAGE = YES_ERROR;
				CLANG_WARN_DOCUMENTATION_COMMENTS = YES;
				CLANG_WARN_EMPTY_BODY = YES;
				CLANG_WARN_ENUM_CONVERSION = YES;
				CLANG_WARN_INFINITE_RECURSION = YES;
				CLANG_WARN_INT_CONVERSION = YES;
				CLANG_WARN_NON_LITERAL_NULL_CONVERSION = YES;
				CLANG_WARN_OBJC_IMPLICIT_RETAIN_SELF = YES;
				CLANG_WARN_OBJC_LITERAL_CONVERSION = YES;
				CLANG_WARN_OBJC_ROOT_CLASS = YES_ERROR;
				CLANG_WARN_QUOTED_INCLUDE_IN_FRAMEWORK_HEADER = YES;
				CLANG_WARN_RANGE_LOOP_ANALYSIS = YES;
				CLANG_WARN_STRICT_PROTOTYPES = YES;
				CLANG_WARN_SUSPICIOUS_MOVE = YES;
				CLANG_WARN_UNGUARDED_AVAILABILITY = YES_AGGRESSIVE;
				CLANG_WARN_UNREACHABLE_CODE = YES;
				CLANG_WARN__DUPLICATE_METHOD_MATCH = YES;
				COPY_PHASE_STRIP = NO;
				DEBUG_INFORMATION_FORMAT = "dwarf-with-dsym";
				ENABLE_NS_ASSERTIONS = NO;
				ENABLE_STRICT_OBJC_MSGSEND = YES;
				ENABLE_USER_SCRIPT_SANDBOXING = YES;
				GCC_C_LANGUAGE_STANDARD = gnu17;
				GCC_NO_COMMON_BLOCKS = YES;
				GCC_WARN_64_TO_32_BIT_CONVERSION = YES;
				GCC_WARN_ABOUT_RETURN_TYPE = YES_ERROR;
				GCC_WARN_UNDECLARED_SELECTOR = YES;
				GCC_WARN_UNINITIALIZED_AUTOS = YES_AGGRESSIVE;
				GCC_WARN_UNUSED_FUNCTION = YES;
				GCC_WARN_UNUSED_VARIABLE = YES;
				IPHONEOS_DEPLOYMENT_TARGET = 17.0;
				LOCALIZATION_PREFERS_STRING_CATALOGS = YES;
				MTL_ENABLE_DEBUG_INFO = NO;
				MTL_FAST_MATH = YES;
				SDKROOT = iphoneos;
				SWIFT_COMPILATION_MODE = wholemodule;
				VALIDATE_PRODUCT = YES;
			};
			name = Release;
		};
		F7762D342B15FF620065B9AC /* Debug */ = {
			isa = XCBuildConfiguration;
			buildSettings = {
				ASSETCATALOG_COMPILER_APPICON_NAME = AppIcon;
				ASSETCATALOG_COMPILER_GLOBAL_ACCENT_COLOR_NAME = AccentColor;
				CODE_SIGN_STYLE = Manual;
				CURRENT_PROJECT_VERSION = 1;
				DEVELOPMENT_ASSET_PATHS = "\"SwiftUILab/Preview Content\"";
				DEVELOPMENT_TEAM = "";
				ENABLE_PREVIEWS = YES;
				GENERATE_INFOPLIST_FILE = YES;
				INFOPLIST_KEY_UIApplicationSceneManifest_Generation = YES;
				INFOPLIST_KEY_UIApplicationSupportsIndirectInputEvents = YES;
				INFOPLIST_KEY_UILaunchScreen_Generation = YES;
				INFOPLIST_KEY_UISupportedInterfaceOrientations_iPad = "UIInterfaceOrientationPortrait UIInterfaceOrientationPortraitUpsideDown UIInterfaceOrientationLandscapeLeft UIInterfaceOrientationLandscapeRight";
				INFOPLIST_KEY_UISupportedInterfaceOrientations_iPhone = "UIInterfaceOrientationPortrait UIInterfaceOrientationLandscapeLeft UIInterfaceOrientationLandscapeRight";
				LD_RUNPATH_SEARCH_PATHS = (
					"$(inherited)",
					"@executable_path/Frameworks",
				);
				MARKETING_VERSION = 1.0;
				PRODUCT_BUNDLE_IDENTIFIER = down.SwiftUILab;
				PRODUCT_NAME = "$(TARGET_NAME)";
				PROVISIONING_PROFILE_SPECIFIER = "";
				SUPPORTED_PLATFORMS = "iphoneos iphonesimulator";
				SUPPORTS_MACCATALYST = NO;
				SUPPORTS_MAC_DESIGNED_FOR_IPHONE_IPAD = NO;
				SWIFT_EMIT_LOC_STRINGS = YES;
				SWIFT_VERSION = 5.0;
				TARGETED_DEVICE_FAMILY = "1,2";
			};
			name = Debug;
		};
		F7762D352B15FF620065B9AC /* Release */ = {
			isa = XCBuildConfiguration;
			buildSettings = {
				ASSETCATALOG_COMPILER_APPICON_NAME = AppIcon;
				ASSETCATALOG_COMPILER_GLOBAL_ACCENT_COLOR_NAME = AccentColor;
				CODE_SIGN_STYLE = Manual;
				CURRENT_PROJECT_VERSION = 1;
				DEVELOPMENT_ASSET_PATHS = "\"SwiftUILab/Preview Content\"";
				DEVELOPMENT_TEAM = "";
				ENABLE_PREVIEWS = YES;
				GENERATE_INFOPLIST_FILE = YES;
				INFOPLIST_KEY_UIApplicationSceneManifest_Generation = YES;
				INFOPLIST_KEY_UIApplicationSupportsIndirectInputEvents = YES;
				INFOPLIST_KEY_UILaunchScreen_Generation = YES;
				INFOPLIST_KEY_UISupportedInterfaceOrientations_iPad = "UIInterfaceOrientationPortrait UIInterfaceOrientationPortraitUpsideDown UIInterfaceOrientationLandscapeLeft UIInterfaceOrientationLandscapeRight";
				INFOPLIST_KEY_UISupportedInterfaceOrientations_iPhone = "UIInterfaceOrientationPortrait UIInterfaceOrientationLandscapeLeft UIInterfaceOrientationLandscapeRight";
				LD_RUNPATH_SEARCH_PATHS = (
					"$(inherited)",
					"@executable_path/Frameworks",
				);
				MARKETING_VERSION = 1.0;
				PRODUCT_BUNDLE_IDENTIFIER = down.SwiftUILab;
				PRODUCT_NAME = "$(TARGET_NAME)";
				PROVISIONING_PROFILE_SPECIFIER = "";
				SUPPORTED_PLATFORMS = "iphoneos iphonesimulator";
				SUPPORTS_MACCATALYST = NO;
				SUPPORTS_MAC_DESIGNED_FOR_IPHONE_IPAD = NO;
				SWIFT_EMIT_LOC_STRINGS = YES;
				SWIFT_VERSION = 5.0;
				TARGETED_DEVICE_FAMILY = "1,2";
			};
			name = Release;
		};
		F7762D372B15FF620065B9AC /* Debug */ = {
			isa = XCBuildConfiguration;
			buildSettings = {
				ALWAYS_EMBED_SWIFT_STANDARD_LIBRARIES = YES;
				BUNDLE_LOADER = "$(TEST_HOST)";
				CODE_SIGN_STYLE = Automatic;
				CURRENT_PROJECT_VERSION = 1;
				GENERATE_INFOPLIST_FILE = YES;
				IPHONEOS_DEPLOYMENT_TARGET = 17.0;
				MARKETING_VERSION = 1.0;
				PRODUCT_BUNDLE_IDENTIFIER = down.SwiftUILabTests;
				PRODUCT_NAME = "$(TARGET_NAME)";
				SWIFT_EMIT_LOC_STRINGS = NO;
				SWIFT_VERSION = 5.0;
				TARGETED_DEVICE_FAMILY = "1,2";
				TEST_HOST = "$(BUILT_PRODUCTS_DIR)/SwiftUILab.app/$(BUNDLE_EXECUTABLE_FOLDER_PATH)/SwiftUILab";
			};
			name = Debug;
		};
		F7762D382B15FF620065B9AC /* Release */ = {
			isa = XCBuildConfiguration;
			buildSettings = {
				ALWAYS_EMBED_SWIFT_STANDARD_LIBRARIES = YES;
				BUNDLE_LOADER = "$(TEST_HOST)";
				CODE_SIGN_STYLE = Automatic;
				CURRENT_PROJECT_VERSION = 1;
				GENERATE_INFOPLIST_FILE = YES;
				IPHONEOS_DEPLOYMENT_TARGET = 17.0;
				MARKETING_VERSION = 1.0;
				PRODUCT_BUNDLE_IDENTIFIER = down.SwiftUILabTests;
				PRODUCT_NAME = "$(TARGET_NAME)";
				SWIFT_EMIT_LOC_STRINGS = NO;
				SWIFT_VERSION = 5.0;
				TARGETED_DEVICE_FAMILY = "1,2";
				TEST_HOST = "$(BUILT_PRODUCTS_DIR)/SwiftUILab.app/$(BUNDLE_EXECUTABLE_FOLDER_PATH)/SwiftUILab";
			};
			name = Release;
		};
		F7762D3A2B15FF620065B9AC /* Debug */ = {
			isa = XCBuildConfiguration;
			buildSettings = {
				ALWAYS_EMBED_SWIFT_STANDARD_LIBRARIES = YES;
				CODE_SIGN_STYLE = Automatic;
				CURRENT_PROJECT_VERSION = 1;
				GENERATE_INFOPLIST_FILE = YES;
				MARKETING_VERSION = 1.0;
				PRODUCT_BUNDLE_IDENTIFIER = down.SwiftUILabUITests;
				PRODUCT_NAME = "$(TARGET_NAME)";
				SWIFT_EMIT_LOC_STRINGS = NO;
				SWIFT_VERSION = 5.0;
				TARGETED_DEVICE_FAMILY = "1,2";
				TEST_TARGET_NAME = SwiftUILab;
			};
			name = Debug;
		};
		F7762D3B2B15FF620065B9AC /* Release */ = {
			isa = XCBuildConfiguration;
			buildSettings = {
				ALWAYS_EMBED_SWIFT_STANDARD_LIBRARIES = YES;
				CODE_SIGN_STYLE = Automatic;
				CURRENT_PROJECT_VERSION = 1;
				GENERATE_INFOPLIST_FILE = YES;
				MARKETING_VERSION = 1.0;
				PRODUCT_BUNDLE_IDENTIFIER = down.SwiftUILabUITests;
				PRODUCT_NAME = "$(TARGET_NAME)";
				SWIFT_EMIT_LOC_STRINGS = NO;
				SWIFT_VERSION = 5.0;
				TARGETED_DEVICE_FAMILY = "1,2";
				TEST_TARGET_NAME = SwiftUILab;
			};
			name = Release;
		};
/* End XCBuildConfiguration section */

/* Begin XCConfigurationList section */
		F7762D0A2B15FF600065B9AC /* Build configuration list for PBXProject "SwiftUILab" */ = {
			isa = XCConfigurationList;
			buildConfigurations = (
				F7762D312B15FF620065B9AC /* Debug */,
				F7762D322B15FF620065B9AC /* Release */,
			);
			defaultConfigurationIsVisible = 0;
			defaultConfigurationName = Release;
		};
		F7762D332B15FF620065B9AC /* Build configuration list for PBXNativeTarget "SwiftUILab" */ = {
			isa = XCConfigurationList;
			buildConfigurations = (
				F7762D342B15FF620065B9AC /* Debug */,
				F7762D352B15FF620065B9AC /* Release */,
			);
			defaultConfigurationIsVisible = 0;
			defaultConfigurationName = Release;
		};
		F7762D362B15FF620065B9AC /* Build configuration list for PBXNativeTarget "SwiftUILabTests" */ = {
			isa = XCConfigurationList;
			buildConfigurations = (
				F7762D372B15FF620065B9AC /* Debug */,
				F7762D382B15FF620065B9AC /* Release */,
			);
			defaultConfigurationIsVisible = 0;
			defaultConfigurationName = Release;
		};
		F7762D392B15FF620065B9AC /* Build configuration list for PBXNativeTarget "SwiftUILabUITests" */ = {
			isa = XCConfigurationList;
			buildConfigurations = (
				F7762D3A2B15FF620065B9AC /* Debug */,
				F7762D3B2B15FF620065B9AC /* Release */,
			);
			defaultConfigurationIsVisible = 0;
			defaultConfigurationName = Release;
		};
/* End XCConfigurationList section */
	};
	rootObject = F7762D072B15FF600065B9AC /* Project object */;
}
